
Microsoft Visual Studio Solution File, Format Version 12.00
# Visual Studio 14
VisualStudioVersion = 14.0.22823.1
MinimumVisualStudioVersion = 10.0.40219.1
Project("{FAE04EC0-301F-11D3-BF4B-00C04F79EFBC}") = "Swift", "Swift\Swift.csproj", "{C38A5ADF-AB29-4DC1-AE02-F554BE0946A4}"
EndProject
Project("{FAE04EC0-301F-11D3-BF4B-00C04F79EFBC}") = "Swift.Infrastructure", "Swift.Infrastructure\Swift.Infrastructure.csproj", "{E40F5399-128B-44F6-8C9F-BDFCC17C32D9}"
EndProject
Project("{FAE04EC0-301F-11D3-BF4B-00C04F79EFBC}") = "Swift.Extensibility.Internal", "Swift.Extensibility.Internal\Swift.Extensibility.Internal.csproj", "{7F09A8BF-ED6F-40EC-BC1F-C4E93BD31559}"
EndProject
Global
	GlobalSection(SolutionConfigurationPlatforms) = preSolution
		Debug|Any CPU = Debug|Any CPU
		Debug|x64 = Debug|x64
		Release|Any CPU = Release|Any CPU
		Release|x64 = Release|x64
	EndGlobalSection
	GlobalSection(ProjectConfigurationPlatforms) = postSolution
		{C38A5ADF-AB29-4DC1-AE02-F554BE0946A4}.Debug|Any CPU.ActiveCfg = Debug|Any CPU
		{C38A5ADF-AB29-4DC1-AE02-F554BE0946A4}.Debug|Any CPU.Build.0 = Debug|Any CPU
		{C38A5ADF-AB29-4DC1-AE02-F554BE0946A4}.Debug|x64.ActiveCfg = Debug|x64
		{C38A5ADF-AB29-4DC1-AE02-F554BE0946A4}.Debug|x64.Build.0 = Debug|x64
		{C38A5ADF-AB29-4DC1-AE02-F554BE0946A4}.Release|Any CPU.ActiveCfg = Release|Any CPU
		{C38A5ADF-AB29-4DC1-AE02-F554BE0946A4}.Release|Any CPU.Build.0 = Release|Any CPU
		{C38A5ADF-AB29-4DC1-AE02-F554BE0946A4}.Release|x64.ActiveCfg = Release|x64
		{C38A5ADF-AB29-4DC1-AE02-F554BE0946A4}.Release|x64.Build.0 = Release|x64
		{E40F5399-128B-44F6-8C9F-BDFCC17C32D9}.Debug|Any CPU.ActiveCfg = Debug|Any CPU
		{E40F5399-128B-44F6-8C9F-BDFCC17C32D9}.Debug|Any CPU.Build.0 = Debug|Any CPU
		{E40F5399-128B-44F6-8C9F-BDFCC17C32D9}.Debug|x64.ActiveCfg = Debug|x64
		{E40F5399-128B-44F6-8C9F-BDFCC17C32D9}.Debug|x64.Build.0 = Debug|x64
		{E40F5399-128B-44F6-8C9F-BDFCC17C32D9}.Release|Any CPU.ActiveCfg = Release|Any CPU
		{E40F5399-128B-44F6-8C9F-BDFCC17C32D9}.Release|Any CPU.Build.0 = Release|Any CPU
		{E40F5399-128B-44F6-8C9F-BDFCC17C32D9}.Release|x64.ActiveCfg = Release|x64
		{E40F5399-128B-44F6-8C9F-BDFCC17C32D9}.Release|x64.Build.0 = Release|x64
		{7F09A8BF-ED6F-40EC-BC1F-C4E93BD31559}.Debug|Any CPU.ActiveCfg = Debug|Any CPU
		{7F09A8BF-ED6F-40EC-BC1F-C4E93BD31559}.Debug|Any CPU.Build.0 = Debug|Any CPU
		{7F09A8BF-ED6F-40EC-BC1F-C4E93BD31559}.Debug|x64.ActiveCfg = Debug|x64
		{7F09A8BF-ED6F-40EC-BC1F-C4E93BD31559}.Debug|x64.Build.0 = Debug|x64
		{7F09A8BF-ED6F-40EC-BC1F-C4E93BD31559}.Release|Any CPU.ActiveCfg = Release|Any CPU
		{7F09A8BF-ED6F-40EC-BC1F-C4E93BD31559}.Release|Any CPU.Build.0 = Release|Any CPU
		{7F09A8BF-ED6F-40EC-BC1F-C4E93BD31559}.Release|x64.ActiveCfg = Release|x64
		{7F09A8BF-ED6F-40EC-BC1F-C4E93BD31559}.Release|x64.Build.0 = Release|x64
	EndGlobalSection
	GlobalSection(SolutionProperties) = preSolution
		HideSolutionNode = FALSE
	EndGlobalSection
EndGlobal
